{
    "_readme": [
        "This file locks the dependencies of your project to a known state",
        "Read more about it at https://getcomposer.org/doc/01-basic-usage.md#installing-dependencies",
        "This file is @generated automatically"
    ],
    "content-hash": "fb4daa22dbcc21457990277b34b947f2",
    "packages": [
        {
            "name": "composepress/core",
            "version": "dev-master",
            "source": {
                "type": "git",
                "url": "/home/derrick/Projects/composepress/core",
                "reference": "9c82e9d6a72fad8eef2b1b2078423eb5abeac63a"
            },
            "require": {
                "composepress/dice": "^0.6.0"
            },
            "require-dev": {
                "codeception/codeception": "^2.4",
                "lucatume/wp-browser": "~2.2.0"
            },
            "type": "library",
            "extra": {
                "composepress": []
            },
            "autoload": {
                "psr-4": {
                    "ComposePress\\Core\\": "src/"
                }
            },
            "autoload-dev": {
                "psr-4": {
                    "ComposePress\\Core\\": "tests/"
                }
            },
            "license": [
                "MIT"
            ],
            "authors": [
                {
                    "name": "Derrick Hammer",
                    "email": "derrick@derrickhammer.com"
                }
            ],
            "description": "A simple PSR-4 and composer ready plugin framework for the modern wordpress age",
            "time": "2020-01-12T18:45:43+00:00"
        },
        {
            "name": "composepress/dice",
            "version": "0.6.4",
            "source": {
                "type": "git",
                "url": "https://gitlab.com/ComposePress/Dice.git",
                "reference": "5a7858181935908109062109d61e43d664a117cc"
            },
            "dist": {
                "type": "zip",
                "url": "https://gitlab.com/api/v4/projects/ComposePress%2FDice/repository/archive.zip?sha=5a7858181935908109062109d61e43d664a117cc",
                "reference": "5a7858181935908109062109d61e43d664a117cc",
                "shasum": ""
            },
            "require": {
                "php": ">=5.4.0"
            },
            "type": "library",
            "autoload": {
                "psr-4": {
                    "ComposePress\\Dice\\": "./"
                }
            },
            "notification-url": "https://packagist.org/downloads/",
            "license": [
                "BSD-2-Clause"
            ],
            "authors": [
                {
                    "name": "Tom Butler",
                    "email": "tom@r.je"
                },
                {
                    "name": "Derrick Hammer",
                    "email": "derrick@derrickhammer.com"
                }
            ],
            "description": "A minimalist Dependency injection container (DIC) for PHP. Please note: This branch is only compatible with PHP5.6. 5.5, 5.4 and 5.3 compatible version is available as a separate branch on github. ",
            "homepage": "http://r.je/dice.html",
            "keywords": [
                "dependency injection",
                "dependency injection container",
                "di",
                "ioc"
            ],
            "time": "2019-07-30T07:06:24+00:00"
        },
        {
            "name": "jakeasmith/http_build_url",
            "version": "1.0.1",
            "source": {
                "type": "git",
                "url": "https://github.com/jakeasmith/http_build_url.git",
                "reference": "93c273e77cb1edead0cf8bcf8cd2003428e74e37"
            },
            "dist": {
                "type": "zip",
                "url": "https://api.github.com/repos/jakeasmith/http_build_url/zipball/93c273e77cb1edead0cf8bcf8cd2003428e74e37",
                "reference": "93c273e77cb1edead0cf8bcf8cd2003428e74e37",
                "shasum": ""
            },
            "type": "library",
            "autoload": {
                "files": [
                    "src/http_build_url.php"
                ]
            },
            "notification-url": "https://packagist.org/downloads/",
            "license": [
                "MIT"
            ],
            "authors": [
                {
                    "name": "Jake A. Smith",
                    "email": "theman@jakeasmith.com"
                }
            ],
            "description": "Provides functionality for http_build_url() to environments without pecl_http.",
            "time": "2017-05-01T15:36:40+00:00"
        },
        {
            "name": "pcfreak30/wordpress-cache-store",
            "version": "0.1.1",
            "source": {
                "type": "git",
                "url": "https://github.com/pcfreak30/wordpress-cache-store.git",
                "reference": "dd8eede8cf150476551166c3032273d3a417d0fe"
            },
            "dist": {
                "type": "zip",
                "url": "https://api.github.com/repos/pcfreak30/wordpress-cache-store/zipball/dd8eede8cf150476551166c3032273d3a417d0fe",
                "reference": "dd8eede8cf150476551166c3032273d3a417d0fe",
                "shasum": ""
            },
            "type": "library",
            "autoload": {
                "psr-4": {
                    "pcfreak30\\": "src/"
                }
            },
            "notification-url": "https://packagist.org/downloads/",
            "license": [
                "GPL-3.0"
            ],
            "authors": [
                {
                    "name": "Derrick Hammer",
                    "email": "derrick@derrickhammer.com"
                }
            ],
            "description": "WordPress cache library to enable a data tree inspired storage structure to offset the limitation of the WordPress cache API for querying available keys",
            "time": "2017-07-22T21:43:49+00:00"
        },
        {
            "name": "woocommerce/action-scheduler",
            "version": "3.1.0",
            "source": {
                "type": "git",
                "url": "https://github.com/woocommerce/action-scheduler.git",
                "reference": "400725e8f80086f9f584a17b17b5352e27df5b52"
            },
            "dist": {
                "type": "zip",
                "url": "https://api.github.com/repos/woocommerce/action-scheduler/zipball/400725e8f80086f9f584a17b17b5352e27df5b52",
                "reference": "400725e8f80086f9f584a17b17b5352e27df5b52",
                "shasum": ""
            },
            "require-dev": {
                "phpunit/phpunit": "^5.6",
                "woocommerce/woocommerce-sniffs": "0.0.8",
                "wp-cli/wp-cli": "~1.5.1"
            },
            "type": "wordpress-plugin",
            "extra": {
                "scripts-description": {
                    "test": "Run unit tests",
                    "phpcs": "Analyze code against the WordPress coding standards with PHP_CodeSniffer",
                    "phpcbf": "Fix coding standards warnings/errors automatically with PHP Code Beautifier"
                }
            },
            "autoload": {
                "classmap": [
                    "classes/",
                    "deprecated/",
                    "lib/"
                ]
            },
            "notification-url": "https://packagist.org/downloads/",
            "license": [
                "GPL-3.0-or-later"
            ],
            "description": "Action Scheduler for WordPress and WooCommerce",
            "homepage": "https://actionscheduler.org/",
            "time": "2020-02-13T05:48:08+00:00"
        }
    ],
    "packages-dev": [],
    "aliases": [],
    "minimum-stability": "stable",
    "stability-flags": {
        "composepress/core": 20
    },
    "prefer-stable": false,
    "prefer-lowest": false,
    "platform": {
        "ext-dom": "*",
        "ext-zlib": "*"
    },
    "platform-dev": []
}
